
Microsoft Visual Studio Solution File, Format Version 12.00
# Visual Studio Version 16
VisualStudioVersion = 16.0.30621.155
MinimumVisualStudioVersion = 10.0.40219.1
Project("{FAE04EC0-301F-11D3-BF4B-00C04F79EFBC}") = "SplitDotnetCoreMVCRazorExample", "SplitDotnetCoreMVCRazorExample.csproj", "{D5A0DE44-16E5-4078-A837-DE4B6D0C23F0}"
EndProject
Global
	GlobalSection(SolutionConfigurationPlatforms) = preSolution
		Debug|Any CPU = Debug|Any CPU
		Release|Any CPU = Release|Any CPU
	EndGlobalSection
	GlobalSection(ProjectConfigurationPlatforms) = postSolution
		{D5A0DE44-16E5-4078-A837-DE4B6D0C23F0}.Debug|Any CPU.ActiveCfg = Debug|Any CPU
		{D5A0DE44-16E5-4078-A837-DE4B6D0C23F0}.Debug|Any CPU.Build.0 = Debug|Any CPU
		{D5A0DE44-16E5-4078-A837-DE4B6D0C23F0}.Release|Any CPU.ActiveCfg = Release|Any CPU
		{D5A0DE44-16E5-4078-A837-DE4B6D0C23F0}.Release|Any CPU.Build.0 = Release|Any CPU
	EndGlobalSection
	GlobalSection(SolutionProperties) = preSolution
		HideSolutionNode = FALSE
	EndGlobalSection
	GlobalSection(ExtensibilityGlobals) = postSolution
		SolutionGuid = {2CAAE02F-5E64-4957-BDAB-0D8A9095D2AE}
	EndGlobalSection
EndGlobal
